<?xml version="1.0" encoding="utf-8"?>
<Project ToolsVersion="4.0" xmlns="http://schemas.microsoft.com/developer/msbuild/2003">
  <ItemGroup>
    <Filter Include="Source Files">
      <UniqueIdentifier>{4FC737F1-C7A5-4376-A066-2A32D752A2FF}</UniqueIdentifier>
      <Extensions>cpp;c;cc;cxx;def;odl;idl;hpj;bat;asm;asmx</Extensions>
    </Filter>
    <Filter Include="Header Files">
      <UniqueIdentifier>{93995380-89BD-4b04-88EB-625FBE52EBFB}</UniqueIdentifier>
      <Extensions>h;hh;hpp;hxx;hm;inl;inc;xsd</Extensions>
    </Filter>
    <Filter Include="Resource Files">
      <UniqueIdentifier>{D9D6E242-F8AF-46E4-B9FD-80ECBC20BA3E}</UniqueIdentifier>
      <Extensions>qrc;*</Extensions>
      <ParseFiles>false</ParseFiles>
    </Filter>
    <Filter Include="Form Files">
      <UniqueIdentifier>{99349809-55BA-4b9d-BF79-8FDBB0286EB3}</UniqueIdentifier>
      <Extensions>ui</Extensions>
    </Filter>
    <Filter Include="Resource Files">
      <UniqueIdentifier>{D9D6E242-F8AF-46E4-B9FD-80ECBC20BA3E}</UniqueIdentifier>
      <Extensions>qrc;*</Extensions>
      <ParseFiles>false</ParseFiles>
    </Filter>
    <Filter Include="Generated Files">
      <UniqueIdentifier>{71ED8ED8-ACB9-4CE9-BBE1-E00B30144E11}</UniqueIdentifier>
      <Extensions>moc;h;cpp</Extensions>
      <SourceControlFiles>False</SourceControlFiles>
    </Filter>
    <Filter Include="Generated Files\Debug">
      <UniqueIdentifier>{8cf7b84f-dc67-444f-bfda-447d4a1044bf}</UniqueIdentifier>
      <Extensions>cpp;moc</Extensions>
      <SourceControlFiles>False</SourceControlFiles>
    </Filter>
    <Filter Include="Generated Files\Release">
      <UniqueIdentifier>{97d81b76-799a-48d2-b020-90aa0af8b963}</UniqueIdentifier>
      <Extensions>cpp;moc</Extensions>
      <SourceControlFiles>False</SourceControlFiles>
    </Filter>
  </ItemGroup>
  <ItemGroup>
    <ClCompile Include="main.cpp">
      <Filter>Source Files</Filter>
    </ClCompile>
    <ClCompile Include="SeboApp.cpp">
      <Filter>Source Files</Filter>
    </ClCompile>
    <ClCompile Include="GeneratedFiles\Debug\moc_SeboApp.cpp">
      <Filter>Generated Files\Debug</Filter>
    </ClCompile>
    <ClCompile Include="GeneratedFiles\Release\moc_SeboApp.cpp">
      <Filter>Generated Files\Release</Filter>
    </ClCompile>
    <ClCompile Include="GeneratedFiles\qrc_SeboApp.cpp">
      <Filter>Generated Files</Filter>
    </ClCompile>
    <ClCompile Include="GeneratedFiles\Debug\moc_GuiCategorie.cpp">
      <Filter>Generated Files\Debug</Filter>
    </ClCompile>
    <ClCompile Include="GeneratedFiles\Release\moc_GuiCategorie.cpp">
      <Filter>Generated Files\Release</Filter>
    </ClCompile>
    <ClCompile Include="GuiCategorie.cpp">
      <Filter>Source Files</Filter>
    </ClCompile>
    <ClCompile Include="Tools\Connexion.cpp">
      <Filter>Source Files</Filter>
    </ClCompile>
    <ClCompile Include="DAO\ManagerCategorie.cpp">
      <Filter>Source Files</Filter>
    </ClCompile>
    <ClCompile Include="DAO\ManagerGenre.cpp">
      <Filter>Source Files</Filter>
    </ClCompile>
    <ClCompile Include="Entity\Acteur.cpp">
      <Filter>Source Files</Filter>
    </ClCompile>
    <ClCompile Include="Entity\ActeurArticle.cpp">
      <Filter>Source Files</Filter>
    </ClCompile>
    <ClCompile Include="Entity\Article.cpp">
      <Filter>Source Files</Filter>
    </ClCompile>
    <ClCompile Include="Entity\Categorie.cpp">
      <Filter>Source Files</Filter>
    </ClCompile>
    <ClCompile Include="Entity\Fournisseur.cpp">
      <Filter>Source Files</Filter>
    </ClCompile>
    <ClCompile Include="Entity\Genre.cpp">
      <Filter>Source Files</Filter>
    </ClCompile>
    <ClCompile Include="Entity\Role.cpp">
      <Filter>Source Files</Filter>
    </ClCompile>
    <ClCompile Include="DAO\ManagerActeur.cpp">
      <Filter>Source Files</Filter>
    </ClCompile>
    <ClCompile Include="DAO\ManagerRole.cpp">
      <Filter>Source Files</Filter>
    </ClCompile>
    <ClCompile Include="DAO\ManagerFournisseur.cpp">
      <Filter>Source Files</Filter>
    </ClCompile>
    <ClCompile Include="DAO\ManagerActeurArticle.cpp">
      <Filter>Source Files</Filter>
    </ClCompile>
    <ClCompile Include="DAO\ManagerArticle.cpp">
      <Filter>Source Files</Filter>
    </ClCompile>
    <ClCompile Include="GeneratedFiles\Debug\moc_GuiGenre.cpp">
      <Filter>Generated Files\Debug</Filter>
    </ClCompile>
    <ClCompile Include="GeneratedFiles\Release\moc_GuiGenre.cpp">
      <Filter>Generated Files\Release</Filter>
    </ClCompile>
    <ClCompile Include="GuiGenre.cpp">
      <Filter>Source Files</Filter>
    </ClCompile>
  </ItemGroup>
  <ItemGroup>
    <CustomBuild Include="SeboApp.h">
      <Filter>Header Files</Filter>
    </CustomBuild>
    <CustomBuild Include="SeboApp.ui">
      <Filter>Form Files</Filter>
    </CustomBuild>
    <CustomBuild Include="SeboApp.qrc">
      <Filter>Resource Files</Filter>
    </CustomBuild>
    <CustomBuild Include="GuiCategorie.h">
      <Filter>Header Files</Filter>
    </CustomBuild>
    <CustomBuild Include="GuiCategorie.ui">
      <Filter>Form Files</Filter>
    </CustomBuild>
    <CustomBuild Include="GuiGenre.h">
      <Filter>Header Files</Filter>
    </CustomBuild>
    <CustomBuild Include="GuiGenre.ui">
      <Filter>Form Files</Filter>
    </CustomBuild>
  </ItemGroup>
  <ItemGroup>
    <ClInclude Include="GeneratedFiles\ui_SeboApp.h">
      <Filter>Generated Files</Filter>
    </ClInclude>
    <ClInclude Include="GeneratedFiles\ui_GuiCategorie.h">
      <Filter>Generated Files</Filter>
    </ClInclude>
    <ClInclude Include="Tools\Connexion.h">
      <Filter>Header Files</Filter>
    </ClInclude>
    <ClInclude Include="DAO\ManagerCategorie.h">
      <Filter>Header Files</Filter>
    </ClInclude>
    <ClInclude Include="DAO\ManagerGenre.h">
      <Filter>Header Files</Filter>
    </ClInclude>
    <ClInclude Include="Entity\Acteur.h">
      <Filter>Header Files</Filter>
    </ClInclude>
    <ClInclude Include="Entity\Article.h">
      <Filter>Header Files</Filter>
    </ClInclude>
    <ClInclude Include="Entity\Categorie.h">
      <Filter>Header Files</Filter>
    </ClInclude>
    <ClInclude Include="Entity\Fournisseur.h">
      <Filter>Header Files</Filter>
    </ClInclude>
    <ClInclude Include="Entity\Genre.h">
      <Filter>Header Files</Filter>
    </ClInclude>
    <ClInclude Include="Entity\Role.h">
      <Filter>Header Files</Filter>
    </ClInclude>
    <ClInclude Include="DAO\ManagerActeur.h">
      <Filter>Header Files</Filter>
    </ClInclude>
    <ClInclude Include="DAO\ManagerRole.h">
      <Filter>Header Files</Filter>
    </ClInclude>
    <ClInclude Include="DAO\ManagerFournisseur.h">
      <Filter>Header Files</Filter>
    </ClInclude>
    <ClInclude Include="DAO\ManagerActeurArticle.h">
      <Filter>Header Files</Filter>
    </ClInclude>
    <ClInclude Include="Entity\ActeurArticleOld.h">
      <Filter>Header Files</Filter>
    </ClInclude>
    <ClInclude Include="Entity\ActeurArticle.h">
      <Filter>Header Files</Filter>
    </ClInclude>
    <ClInclude Include="DAO\ManagerArticle.h">
      <Filter>Header Files</Filter>
    </ClInclude>
    <ClInclude Include="GeneratedFiles\ui_GuiGenre.h">
      <Filter>Generated Files</Filter>
    </ClInclude>
  </ItemGroup>
</Project>