<?xml version="1.0" encoding="utf-8"?>
<Project ToolsVersion="4.0" xmlns="http://schemas.microsoft.com/developer/msbuild/2003">
  <ItemGroup>
    <Filter Include="Source Files">
      <UniqueIdentifier>{4FC737F1-C7A5-4376-A066-2A32D752A2FF}</UniqueIdentifier>
      <Extensions>cpp;c;cc;cxx;def;odl;idl;hpj;bat;asm;asmx</Extensions>
    </Filter>
    <Filter Include="Header Files">
      <UniqueIdentifier>{93995380-89BD-4b04-88EB-625FBE52EBFB}</UniqueIdentifier>
      <Extensions>h;hh;hpp;hxx;hm;inl;inc;xsd</Extensions>
    </Filter>
    <Filter Include="Resource Files">
      <UniqueIdentifier>{D9D6E242-F8AF-46E4-B9FD-80ECBC20BA3E}</UniqueIdentifier>
      <Extensions>qrc;*</Extensions>
      <ParseFiles>false</ParseFiles>
    </Filter>
    <Filter Include="Form Files">
      <UniqueIdentifier>{99349809-55BA-4b9d-BF79-8FDBB0286EB3}</UniqueIdentifier>
      <Extensions>ui</Extensions>
    </Filter>
    <Filter Include="Resource Files">
      <UniqueIdentifier>{D9D6E242-F8AF-46E4-B9FD-80ECBC20BA3E}</UniqueIdentifier>
      <Extensions>qrc;*</Extensions>
      <ParseFiles>false</ParseFiles>
    </Filter>
    <Filter Include="Generated Files">
      <UniqueIdentifier>{71ED8ED8-ACB9-4CE9-BBE1-E00B30144E11}</UniqueIdentifier>
      <Extensions>moc;h;cpp</Extensions>
      <SourceControlFiles>False</SourceControlFiles>
    </Filter>
    <Filter Include="Generated Files\Debug">
      <UniqueIdentifier>{8cf7b84f-dc67-444f-bfda-447d4a1044bf}</UniqueIdentifier>
      <Extensions>cpp;moc</Extensions>
      <SourceControlFiles>False</SourceControlFiles>
    </Filter>
    <Filter Include="Generated Files\Release">
      <UniqueIdentifier>{97d81b76-799a-48d2-b020-90aa0af8b963}</UniqueIdentifier>
      <Extensions>cpp;moc</Extensions>
      <SourceControlFiles>False</SourceControlFiles>
    </Filter>
  </ItemGroup>
  <ItemGroup>
    <ClCompile Include="main.cpp">
      <Filter>Source Files</Filter>
    </ClCompile>
    <ClCompile Include="SeboApp.cpp">
      <Filter>Source Files</Filter>
    </ClCompile>
    <ClCompile Include="GeneratedFiles\Debug\moc_SeboApp.cpp">
      <Filter>Generated Files\Debug</Filter>
    </ClCompile>
    <ClCompile Include="GeneratedFiles\Release\moc_SeboApp.cpp">
      <Filter>Generated Files\Release</Filter>
    </ClCompile>
    <ClCompile Include="GeneratedFiles\qrc_SeboApp.cpp">
      <Filter>Generated Files</Filter>
    </ClCompile>
    <ClCompile Include="Tools\Connexion.cpp">
      <Filter>Source Files</Filter>
    </ClCompile>
    <ClCompile Include="DAO\ManagerCategorie.cpp">
      <Filter>Source Files</Filter>
    </ClCompile>
    <ClCompile Include="DAO\ManagerGenre.cpp">
      <Filter>Source Files</Filter>
    </ClCompile>
    <ClCompile Include="Entity\Acteur.cpp">
      <Filter>Source Files</Filter>
    </ClCompile>
    <ClCompile Include="Entity\ActeurArticle.cpp">
      <Filter>Source Files</Filter>
    </ClCompile>
    <ClCompile Include="Entity\Article.cpp">
      <Filter>Source Files</Filter>
    </ClCompile>
    <ClCompile Include="Entity\Categorie.cpp">
      <Filter>Source Files</Filter>
    </ClCompile>
    <ClCompile Include="Entity\Fournisseur.cpp">
      <Filter>Source Files</Filter>
    </ClCompile>
    <ClCompile Include="Entity\Genre.cpp">
      <Filter>Source Files</Filter>
    </ClCompile>
    <ClCompile Include="Entity\Role.cpp">
      <Filter>Source Files</Filter>
    </ClCompile>
    <ClCompile Include="DAO\ManagerActeur.cpp">
      <Filter>Source Files</Filter>
    </ClCompile>
    <ClCompile Include="DAO\ManagerRole.cpp">
      <Filter>Source Files</Filter>
    </ClCompile>
    <ClCompile Include="DAO\ManagerFournisseur.cpp">
      <Filter>Source Files</Filter>
    </ClCompile>
    <ClCompile Include="DAO\ManagerActeurArticle.cpp">
      <Filter>Source Files</Filter>
    </ClCompile>
    <ClCompile Include="DAO\ManagerArticle.cpp">
      <Filter>Source Files</Filter>
    </ClCompile>
    <ClCompile Include="GeneratedFiles\Debug\moc_GuiGenre.cpp">
      <Filter>Generated Files\Debug</Filter>
    </ClCompile>
    <ClCompile Include="GeneratedFiles\Release\moc_GuiGenre.cpp">
      <Filter>Generated Files\Release</Filter>
    </ClCompile>
    <ClCompile Include="GuiGenre.cpp">
      <Filter>Source Files</Filter>
    </ClCompile>
    <ClCompile Include="GeneratedFiles\Debug\moc_RenduEssai.cpp">
      <Filter>Generated Files\Debug</Filter>
    </ClCompile>
    <ClCompile Include="GeneratedFiles\Release\moc_RenduEssai.cpp">
      <Filter>Generated Files\Release</Filter>
    </ClCompile>
    <ClCompile Include="RenduEssai.cpp">
      <Filter>Source Files</Filter>
    </ClCompile>
    <ClCompile Include="GeneratedFiles\Debug\moc_EssaiGuiArticle.cpp">
      <Filter>Generated Files\Debug</Filter>
    </ClCompile>
    <ClCompile Include="GeneratedFiles\Release\moc_EssaiGuiArticle.cpp">
      <Filter>Generated Files\Release</Filter>
    </ClCompile>
    <ClCompile Include="InterfaceGraphique\EssaiGuiArticle.cpp">
      <Filter>Source Files</Filter>
    </ClCompile>
    <ClCompile Include="GeneratedFiles\Debug\moc_Acteur.cpp">
      <Filter>Generated Files\Debug</Filter>
    </ClCompile>
    <ClCompile Include="GeneratedFiles\Release\moc_Acteur.cpp">
      <Filter>Generated Files\Release</Filter>
    </ClCompile>
    <ClCompile Include="GeneratedFiles\Debug\moc_Article.cpp">
      <Filter>Generated Files\Debug</Filter>
    </ClCompile>
    <ClCompile Include="GeneratedFiles\Release\moc_Article.cpp">
      <Filter>Generated Files\Release</Filter>
    </ClCompile>
    <ClCompile Include="GeneratedFiles\Debug\moc_Categorie.cpp">
      <Filter>Generated Files\Debug</Filter>
    </ClCompile>
    <ClCompile Include="GeneratedFiles\Debug\moc_GuiGenreNew.cpp">
      <Filter>Generated Files\Debug</Filter>
    </ClCompile>
    <ClCompile Include="GeneratedFiles\Release\moc_GuiGenreNew.cpp">
      <Filter>Generated Files\Release</Filter>
    </ClCompile>
    <ClCompile Include="InterfaceGraphique\GuiGenreNew.cpp">
      <Filter>Source Files</Filter>
    </ClCompile>
    <ClCompile Include="GeneratedFiles\Release\moc_Categorie.cpp">
      <Filter>Generated Files\Release</Filter>
    </ClCompile>
    <ClCompile Include="InterfaceGraphique\GuiCategorie.cpp">
      <Filter>Source Files</Filter>
    </ClCompile>
    <ClCompile Include="GeneratedFiles\Debug\moc_GuiCategorie.cpp">
      <Filter>Generated Files\Debug</Filter>
    </ClCompile>
    <ClCompile Include="GeneratedFiles\Release\moc_GuiCategorie.cpp">
      <Filter>Generated Files\Release</Filter>
    </ClCompile>
    <ClCompile Include="GeneratedFiles\Debug\moc_GuiGestionCategorie.cpp">
      <Filter>Generated Files\Debug</Filter>
    </ClCompile>
    <ClCompile Include="GeneratedFiles\Release\moc_GuiGestionCategorie.cpp">
      <Filter>Generated Files\Release</Filter>
    </ClCompile>
    <ClCompile Include="GeneratedFiles\Debug\moc_GuiAjoutModifCategorie.cpp">
      <Filter>Generated Files\Debug</Filter>
    </ClCompile>
    <ClCompile Include="GeneratedFiles\Release\moc_GuiAjoutModifCategorie.cpp">
      <Filter>Generated Files\Release</Filter>
    </ClCompile>
    <ClCompile Include="InterfaceGraphique\Categories\GuiAjoutModifCategorie.cpp">
      <Filter>Source Files</Filter>
    </ClCompile>
    <ClCompile Include="InterfaceGraphique\Categories\GuiGestionCategorie.cpp">
      <Filter>Source Files</Filter>
    </ClCompile>
    <ClCompile Include="GeneratedFiles\Debug\moc_ActeurArticle.cpp">
      <Filter>Generated Files\Debug</Filter>
    </ClCompile>
    <ClCompile Include="GeneratedFiles\Release\moc_ActeurArticle.cpp">
      <Filter>Generated Files\Release</Filter>
    </ClCompile>
    <ClCompile Include="GeneratedFiles\Debug\moc_Fournisseur.cpp">
      <Filter>Generated Files\Debug</Filter>
    </ClCompile>
    <ClCompile Include="GeneratedFiles\Release\moc_Fournisseur.cpp">
      <Filter>Generated Files\Release</Filter>
    </ClCompile>
    <ClCompile Include="GeneratedFiles\Debug\moc_Genre.cpp">
      <Filter>Generated Files\Debug</Filter>
    </ClCompile>
    <ClCompile Include="GeneratedFiles\Debug\moc_Role.cpp">
      <Filter>Generated Files\Debug</Filter>
    </ClCompile>
    <ClCompile Include="GeneratedFiles\Debug\moc_GuiGestionGenre.cpp">
      <Filter>Generated Files\Debug</Filter>
    </ClCompile>
    <ClCompile Include="GeneratedFiles\Release\moc_GuiGestionGenre.cpp">
      <Filter>Generated Files\Release</Filter>
    </ClCompile>
    <ClCompile Include="InterfaceGraphique\Genres\GuiGestionGenre.cpp">
      <Filter>Source Files</Filter>
    </ClCompile>
    <ClCompile Include="GeneratedFiles\Release\moc_Role.cpp">
      <Filter>Generated Files\Release</Filter>
    </ClCompile>
    <ClCompile Include="GeneratedFiles\Release\moc_Genre.cpp">
      <Filter>Generated Files\Release</Filter>
    </ClCompile>
    <ClCompile Include="GeneratedFiles\Debug\moc_GuiAjoutModifierGenre.cpp">
      <Filter>Generated Files\Debug</Filter>
    </ClCompile>
    <ClCompile Include="GeneratedFiles\Release\moc_GuiAjoutModifierGenre.cpp">
      <Filter>Generated Files\Release</Filter>
    </ClCompile>
    <ClCompile Include="InterfaceGraphique\Genres\GuiAjoutModifierGenre.cpp">
      <Filter>Source Files</Filter>
    </ClCompile>
    <ClCompile Include="GeneratedFiles\Debug\moc_GuiGestionArticle.cpp">
      <Filter>Generated Files\Debug</Filter>
    </ClCompile>
    <ClCompile Include="GeneratedFiles\Release\moc_GuiGestionArticle.cpp">
      <Filter>Generated Files\Release</Filter>
    </ClCompile>
    <ClCompile Include="InterfaceGraphique\Articles\GuiGestionArticle.cpp">
      <Filter>Source Files</Filter>
    </ClCompile>
    <ClCompile Include="GeneratedFiles\Debug\moc_GuiGestionRole.cpp">
      <Filter>Generated Files\Debug</Filter>
    </ClCompile>
    <ClCompile Include="GeneratedFiles\Release\moc_GuiGestionRole.cpp">
      <Filter>Generated Files\Release</Filter>
    </ClCompile>
    <ClCompile Include="InterfaceGraphique\Roles\GuiGestionRole.cpp">
      <Filter>Source Files</Filter>
    </ClCompile>
    <ClCompile Include="GeneratedFiles\Debug\moc_GuiAjoutModifRole.cpp">
      <Filter>Generated Files\Debug</Filter>
    </ClCompile>
    <ClCompile Include="GeneratedFiles\Release\moc_GuiAjoutModifRole.cpp">
      <Filter>Generated Files\Release</Filter>
    </ClCompile>
    <ClCompile Include="InterfaceGraphique\Roles\GuiAjoutModifRole.cpp">
      <Filter>Source Files</Filter>
    </ClCompile>
    <ClCompile Include="GeneratedFiles\Debug\moc_GuiGestionActeur.cpp">
      <Filter>Generated Files\Debug</Filter>
    </ClCompile>
    <ClCompile Include="GeneratedFiles\Release\moc_GuiGestionActeur.cpp">
      <Filter>Generated Files\Release</Filter>
    </ClCompile>
    <ClCompile Include="InterfaceGraphique\Acteurs\GuiGestionActeur.cpp">
      <Filter>Source Files</Filter>
    </ClCompile>
    <ClCompile Include="GeneratedFiles\Debug\moc_GuiAjoutModifierActeur.cpp">
      <Filter>Generated Files\Debug</Filter>
    </ClCompile>
    <ClCompile Include="GeneratedFiles\Release\moc_GuiAjoutModifierActeur.cpp">
      <Filter>Generated Files\Release</Filter>
    </ClCompile>
    <ClCompile Include="InterfaceGraphique\Acteurs\GuiAjoutModifierActeur.cpp">
      <Filter>Source Files</Filter>
    </ClCompile>
    <ClCompile Include="GeneratedFiles\Debug\moc_GuiTest.cpp">
      <Filter>Generated Files\Debug</Filter>
    </ClCompile>
    <ClCompile Include="GeneratedFiles\Release\moc_GuiTest.cpp">
      <Filter>Generated Files\Release</Filter>
    </ClCompile>
    <ClCompile Include="InterfaceGraphique\Test\GuiTest.cpp">
      <Filter>Source Files</Filter>
    </ClCompile>
    <ClCompile Include="GeneratedFiles\Debug\moc_GuiGestionPhoto.cpp">
      <Filter>Generated Files\Debug</Filter>
    </ClCompile>
    <ClCompile Include="GeneratedFiles\Release\moc_GuiGestionPhoto.cpp">
      <Filter>Generated Files\Release</Filter>
    </ClCompile>
    <ClCompile Include="InterfaceGraphique\Photo\GuiGestionPhoto.cpp">
      <Filter>Source Files</Filter>
    </ClCompile>
    <ClCompile Include="GeneratedFiles\Debug\moc_FileDownloader.cpp">
      <Filter>Generated Files\Debug</Filter>
    </ClCompile>
    <ClCompile Include="GeneratedFiles\Release\moc_FileDownloader.cpp">
      <Filter>Generated Files\Release</Filter>
    </ClCompile>
    <ClCompile Include="Tools\FileDownloader.cpp">
      <Filter>Source Files</Filter>
    </ClCompile>
    <ClCompile Include="GeneratedFiles\Debug\moc_AffichageArticles.cpp">
      <Filter>Generated Files\Debug</Filter>
    </ClCompile>
    <ClCompile Include="GeneratedFiles\Release\moc_AffichageArticles.cpp">
      <Filter>Generated Files\Release</Filter>
    </ClCompile>
    <ClCompile Include="InterfaceGraphique\Articles\AffichageArticle\AffichageArticles.cpp">
      <Filter>Source Files</Filter>
    </ClCompile>
    <ClCompile Include="GeneratedFiles\Debug\moc_EditionArticle.cpp">
      <Filter>Generated Files\Debug</Filter>
    </ClCompile>
    <ClCompile Include="GeneratedFiles\Release\moc_EditionArticle.cpp">
      <Filter>Generated Files\Release</Filter>
    </ClCompile>
    <ClCompile Include="InterfaceGraphique\Articles\EditionArticle\EditionArticle.cpp">
      <Filter>Source Files</Filter>
    </ClCompile>
    <ClCompile Include="GeneratedFiles\Debug\moc_GuiAjoutActeurArticle.cpp">
      <Filter>Generated Files\Debug</Filter>
    </ClCompile>
    <ClCompile Include="GeneratedFiles\Release\moc_GuiAjoutActeurArticle.cpp">
      <Filter>Generated Files\Release</Filter>
    </ClCompile>
    <ClCompile Include="InterfaceGraphique\ActeurArticle\GuiAjoutActeurArticle.cpp">
      <Filter>Source Files</Filter>
    </ClCompile>
  </ItemGroup>
  <ItemGroup>
    <CustomBuild Include="SeboApp.h">
      <Filter>Header Files</Filter>
    </CustomBuild>
    <CustomBuild Include="SeboApp.ui">
      <Filter>Form Files</Filter>
    </CustomBuild>
    <CustomBuild Include="SeboApp.qrc">
      <Filter>Resource Files</Filter>
    </CustomBuild>
    <CustomBuild Include="GuiGenre.h">
      <Filter>Header Files</Filter>
    </CustomBuild>
    <CustomBuild Include="GuiGenre.ui">
      <Filter>Form Files</Filter>
    </CustomBuild>
    <CustomBuild Include="RenduEssai.h">
      <Filter>Header Files</Filter>
    </CustomBuild>
    <CustomBuild Include="InterfaceGraphique\EssaiGuiArticle.h">
      <Filter>Header Files</Filter>
    </CustomBuild>
    <CustomBuild Include="InterfaceGraphique\EssaiGuiArticle.ui">
      <Filter>Form Files</Filter>
    </CustomBuild>
    <CustomBuild Include="Entity\Fournisseur.h">
      <Filter>Header Files</Filter>
    </CustomBuild>
    <CustomBuild Include="Entity\Acteur.h">
      <Filter>Header Files</Filter>
    </CustomBuild>
    <CustomBuild Include="Entity\Article.h">
      <Filter>Header Files</Filter>
    </CustomBuild>
    <CustomBuild Include="Entity\Categorie.h">
      <Filter>Header Files</Filter>
    </CustomBuild>
    <CustomBuild Include="InterfaceGraphique\GuiGenreNew.h">
      <Filter>Header Files</Filter>
    </CustomBuild>
    <CustomBuild Include="InterfaceGraphique\GuiGenreNew.ui">
      <Filter>Form Files</Filter>
    </CustomBuild>
    <CustomBuild Include="InterfaceGraphique\GuiCategorie.h">
      <Filter>Header Files</Filter>
    </CustomBuild>
    <CustomBuild Include="InterfaceGraphique\GuiCategorie.ui">
      <Filter>Form Files</Filter>
    </CustomBuild>
    <CustomBuild Include="InterfaceGraphique\Categories\GuiAjoutModifCategorie.h">
      <Filter>Header Files</Filter>
    </CustomBuild>
    <CustomBuild Include="InterfaceGraphique\Categories\GuiAjoutModifCategorie.ui">
      <Filter>Form Files</Filter>
    </CustomBuild>
    <CustomBuild Include="InterfaceGraphique\Categories\GuiGestionCategorie.h">
      <Filter>Header Files</Filter>
    </CustomBuild>
    <CustomBuild Include="InterfaceGraphique\Categories\GuiGestionCategorie.ui">
      <Filter>Form Files</Filter>
    </CustomBuild>
    <CustomBuild Include="Entity\ActeurArticle.h">
      <Filter>Header Files</Filter>
    </CustomBuild>
    <CustomBuild Include="Entity\Genre.h">
      <Filter>Header Files</Filter>
    </CustomBuild>
    <CustomBuild Include="Entity\Role.h">
      <Filter>Header Files</Filter>
    </CustomBuild>
    <CustomBuild Include="InterfaceGraphique\Genres\GuiGestionGenre.h">
      <Filter>Header Files</Filter>
    </CustomBuild>
    <CustomBuild Include="InterfaceGraphique\Genres\GuiGestionGenre.ui">
      <Filter>Form Files</Filter>
    </CustomBuild>
    <CustomBuild Include="InterfaceGraphique\Genres\GuiAjoutModifierGenre.h">
      <Filter>Header Files</Filter>
    </CustomBuild>
    <CustomBuild Include="InterfaceGraphique\Genres\GuiAjoutModifierGenre.ui">
      <Filter>Form Files</Filter>
    </CustomBuild>
    <CustomBuild Include="InterfaceGraphique\Articles\GuiGestionArticle.h">
      <Filter>Header Files</Filter>
    </CustomBuild>
    <CustomBuild Include="InterfaceGraphique\Articles\GuiGestionArticle.ui">
      <Filter>Form Files</Filter>
    </CustomBuild>
    <CustomBuild Include="InterfaceGraphique\Roles\GuiGestionRole.h">
      <Filter>Header Files</Filter>
    </CustomBuild>
    <CustomBuild Include="InterfaceGraphique\Roles\GuiGestionRole.ui">
      <Filter>Form Files</Filter>
    </CustomBuild>
    <CustomBuild Include="InterfaceGraphique\Roles\GuiAjoutModifRole.h">
      <Filter>Header Files</Filter>
    </CustomBuild>
    <CustomBuild Include="InterfaceGraphique\Roles\GuiAjoutModifRole.ui">
      <Filter>Form Files</Filter>
    </CustomBuild>
    <CustomBuild Include="InterfaceGraphique\Acteurs\GuiGestionActeur.h">
      <Filter>Header Files</Filter>
    </CustomBuild>
    <CustomBuild Include="InterfaceGraphique\Acteurs\GuiGestionActeur.ui">
      <Filter>Form Files</Filter>
    </CustomBuild>
    <CustomBuild Include="InterfaceGraphique\Acteurs\GuiAjoutModifierActeur.h">
      <Filter>Header Files</Filter>
    </CustomBuild>
    <CustomBuild Include="InterfaceGraphique\Acteurs\GuiAjoutModifierActeur.ui">
      <Filter>Form Files</Filter>
    </CustomBuild>
    <CustomBuild Include="InterfaceGraphique\Test\GuiTest.h">
      <Filter>Header Files</Filter>
    </CustomBuild>
    <CustomBuild Include="InterfaceGraphique\Test\GuiTest.ui">
      <Filter>Form Files</Filter>
    </CustomBuild>
    <CustomBuild Include="InterfaceGraphique\Photo\GuiGestionPhoto.h">
      <Filter>Header Files</Filter>
    </CustomBuild>
    <CustomBuild Include="InterfaceGraphique\Photo\GuiGestionPhoto.ui">
      <Filter>Form Files</Filter>
    </CustomBuild>
    <CustomBuild Include="Tools\FileDownloader.h">
      <Filter>Header Files</Filter>
    </CustomBuild>
    <CustomBuild Include="InterfaceGraphique\Articles\AffichageArticle\AffichageArticles.h">
      <Filter>Header Files</Filter>
    </CustomBuild>
    <CustomBuild Include="InterfaceGraphique\Articles\AffichageArticle\AffichageArticles.ui">
      <Filter>Form Files</Filter>
    </CustomBuild>
    <CustomBuild Include="InterfaceGraphique\Articles\EditionArticle\EditionArticle.h">
      <Filter>Header Files</Filter>
    </CustomBuild>
    <CustomBuild Include="InterfaceGraphique\Articles\EditionArticle\EditionArticle.ui">
      <Filter>Form Files</Filter>
    </CustomBuild>
    <CustomBuild Include="InterfaceGraphique\ActeurArticle\GuiAjoutActeurArticle.h">
      <Filter>Header Files</Filter>
    </CustomBuild>
    <CustomBuild Include="InterfaceGraphique\ActeurArticle\GuiAjoutActeurArticle.ui">
      <Filter>Form Files</Filter>
    </CustomBuild>
  </ItemGroup>
  <ItemGroup>
    <ClInclude Include="GeneratedFiles\ui_SeboApp.h">
      <Filter>Generated Files</Filter>
    </ClInclude>
    <ClInclude Include="Tools\Connexion.h">
      <Filter>Header Files</Filter>
    </ClInclude>
    <ClInclude Include="DAO\ManagerCategorie.h">
      <Filter>Header Files</Filter>
    </ClInclude>
    <ClInclude Include="DAO\ManagerGenre.h">
      <Filter>Header Files</Filter>
    </ClInclude>
    <ClInclude Include="DAO\ManagerActeur.h">
      <Filter>Header Files</Filter>
    </ClInclude>
    <ClInclude Include="DAO\ManagerRole.h">
      <Filter>Header Files</Filter>
    </ClInclude>
    <ClInclude Include="DAO\ManagerFournisseur.h">
      <Filter>Header Files</Filter>
    </ClInclude>
    <ClInclude Include="DAO\ManagerActeurArticle.h">
      <Filter>Header Files</Filter>
    </ClInclude>
    <ClInclude Include="Entity\ActeurArticleOld.h">
      <Filter>Header Files</Filter>
    </ClInclude>
    <ClInclude Include="DAO\ManagerArticle.h">
      <Filter>Header Files</Filter>
    </ClInclude>
    <ClInclude Include="GeneratedFiles\ui_GuiGenre.h">
      <Filter>Generated Files</Filter>
    </ClInclude>
    <ClInclude Include="GeneratedFiles\ui_EssaiGuiArticle.h">
      <Filter>Generated Files</Filter>
    </ClInclude>
    <ClInclude Include="GeneratedFiles\ui_GuiGenreNew.h">
      <Filter>Generated Files</Filter>
    </ClInclude>
    <ClInclude Include="GeneratedFiles\ui_GuiCategorie.h">
      <Filter>Generated Files</Filter>
    </ClInclude>
    <ClInclude Include="GeneratedFiles\ui_GuiGestionCategorie.h">
      <Filter>Generated Files</Filter>
    </ClInclude>
    <ClInclude Include="GeneratedFiles\ui_GuiAjoutModifCategorie.h">
      <Filter>Generated Files</Filter>
    </ClInclude>
    <ClInclude Include="GeneratedFiles\ui_GuiGestionGenre.h">
      <Filter>Generated Files</Filter>
    </ClInclude>
    <ClInclude Include="GeneratedFiles\ui_GuiAjoutModifierGenre.h">
      <Filter>Generated Files</Filter>
    </ClInclude>
    <ClInclude Include="GeneratedFiles\ui_GuiGestionArticle.h">
      <Filter>Generated Files</Filter>
    </ClInclude>
    <ClInclude Include="GeneratedFiles\ui_GuiGestionRole.h">
      <Filter>Generated Files</Filter>
    </ClInclude>
    <ClInclude Include="GeneratedFiles\ui_GuiAjoutModifRole.h">
      <Filter>Generated Files</Filter>
    </ClInclude>
    <ClInclude Include="GeneratedFiles\ui_GuiGestionActeur.h">
      <Filter>Generated Files</Filter>
    </ClInclude>
    <ClInclude Include="GeneratedFiles\ui_GuiAjoutModifierActeur.h">
      <Filter>Generated Files</Filter>
    </ClInclude>
    <ClInclude Include="GeneratedFiles\ui_GuiTest.h">
      <Filter>Generated Files</Filter>
    </ClInclude>
    <ClInclude Include="GeneratedFiles\ui_GuiGestionPhoto.h">
      <Filter>Generated Files</Filter>
    </ClInclude>
    <ClInclude Include="GeneratedFiles\ui_AffichageArticles.h">
      <Filter>Generated Files</Filter>
    </ClInclude>
    <ClInclude Include="GeneratedFiles\ui_EditionArticle.h">
      <Filter>Generated Files</Filter>
    </ClInclude>
    <ClInclude Include="GeneratedFiles\ui_GuiAjoutActeurArticle.h">
      <Filter>Generated Files</Filter>
    </ClInclude>
  </ItemGroup>
  <ItemGroup>
    <Image Include="Resources\Ajouter.png" />
    <Image Include="Resources\modifier.png" />
    <Image Include="Resources\supprimer.png" />
  </ItemGroup>
</Project>